github.com/bclswl0827/mseedio v1.2.0 h1:fbPpKDWRKXmXiFFasvd3npf0zNha+xvb13ubO2v9Dqo=
github.com/bclswl0827/mseedio v1.2.0/go.mod h1:G9nOPR8epxb7ihX5pUpvs3HqYZMnMlXc1Ha1WSMWn7s=
github.com/orcaman/concurrent-map/v2 v2.0.1 h1:jOJ5Pg2w1oeB6PeDurIYf6k9PQ+aTITr/6lP/L/zp6c=
github.com/orcaman/concurrent-map/v2 v2.0.1/go.mod h1:9Eq3TG2oBe5FirmYWQfYO5iH1q0Jv47PLaNK++uCdOM=
github.com/samber/lo v1.53.0 h1:t975lj2py4kJPQ6haz1QMgtId2gtmfktACxIXArw3HM=
github.com/samber/lo v1.53.0/go.mod h1:4+MXEGsJzbKGaUEQFKBq2xtfuznW9oz/WrgyzMzRoM0=
github.com/vardius/message-bus v1.1.5 h1:YSAC2WB4HRlwc4neFPTmT88kzzoiQ+9WRRbej/E/LZc=
github.com/vardius/message-bus v1.1.5/go.mod h1:6xladCV2lMkUAE4bzzS85qKOiB5miV7aBVRafiTJGqw=
golang.org/x/text v0.22.0 h1:bofq7m3/HAFvbF51jz3Q9wLg3jkvSPuiZu/pD1XwgtM=
golang.org/x/text v0.22.0/go.mod h1:YRoo4H8PVmsu+E3Ou7cqLVH8oXWIHVoX0jqUWALQhfY=
