github.com/bclswl0827/mseedio v1.0.9 h1:t5w6K+yjWxl1PxlKy1YpOFf5wKE/r5/bqesWLIrFTZE=
github.com/bclswl0827/mseedio v1.0.9/go.mod h1:G9nOPR8epxb7ihX5pUpvs3HqYZMnMlXc1Ha1WSMWn7s=
github.com/clbanning/anyxml v1.2.2 h1:EqBXr26KEC7tuGLDH7ZSeFmaE3yft0h386m5uydpNbU=
github.com/clbanning/anyxml v1.2.2/go.mod h1:m8+zXuK8aS9lnXzfpSLUUjXoqcZ41osGX+JXr09eOjY=
