github.com/bclswl0827/mseedio v1.0.9 h1:t5w6K+yjWxl1PxlKy1YpOFf5wKE/r5/bqesWLIrFTZE=
github.com/bclswl0827/mseedio v1.0.9/go.mod h1:G9nOPR8epxb7ihX5pUpvs3HqYZMnMlXc1Ha1WSMWn7s=
github.com/clbanning/anyxml v1.2.2 h1:EqBXr26KEC7tuGLDH7ZSeFmaE3yft0h386m5uydpNbU=
github.com/clbanning/anyxml v1.2.2/go.mod h1:m8+zXuK8aS9lnXzfpSLUUjXoqcZ41osGX+JXr09eOjY=
github.com/orcaman/concurrent-map/v2 v2.0.1 h1:jOJ5Pg2w1oeB6PeDurIYf6k9PQ+aTITr/6lP/L/zp6c=
github.com/orcaman/concurrent-map/v2 v2.0.1/go.mod h1:9Eq3TG2oBe5FirmYWQfYO5iH1q0Jv47PLaNK++uCdOM=
github.com/vardius/message-bus v1.1.5 h1:YSAC2WB4HRlwc4neFPTmT88kzzoiQ+9WRRbej/E/LZc=
github.com/vardius/message-bus v1.1.5/go.mod h1:6xladCV2lMkUAE4bzzS85qKOiB5miV7aBVRafiTJGqw=
